
Microsoft Visual Studio Solution File, Format Version 12.00
# Visual Studio 2012
Project("{E24C65DC-7377-472B-9ABA-BC803B73C61A}") = "Third Party APIs", "http://localhost:54836", "{95D8B518-3F7C-4594-B1C5-859E43D6B196}"
	ProjectSection(WebsiteProperties) = preProject
		UseIISExpress = "true"
		TargetFrameworkMoniker = ".NETFramework,Version%3Dv4.0"
		Debug.AspNetCompiler.VirtualPath = "/localhost_54836"
		Debug.AspNetCompiler.PhysicalPath = "..\Third Party APIs\"
		Debug.AspNetCompiler.TargetPath = "PrecompiledWeb\localhost_54836\"
		Debug.AspNetCompiler.Updateable = "true"
		Debug.AspNetCompiler.ForceOverwrite = "true"
		Debug.AspNetCompiler.FixedNames = "false"
		Debug.AspNetCompiler.Debug = "True"
		Release.AspNetCompiler.VirtualPath = "/localhost_54836"
		Release.AspNetCompiler.PhysicalPath = "..\Third Party APIs\"
		Release.AspNetCompiler.TargetPath = "PrecompiledWeb\localhost_54836\"
		Release.AspNetCompiler.Updateable = "true"
		Release.AspNetCompiler.ForceOverwrite = "true"
		Release.AspNetCompiler.FixedNames = "false"
		Release.AspNetCompiler.Debug = "False"
		SlnRelativePath = "..\Third Party APIs\"
	EndProjectSection
EndProject
Global
	GlobalSection(SolutionConfigurationPlatforms) = preSolution
		Debug|Any CPU = Debug|Any CPU
	EndGlobalSection
	GlobalSection(ProjectConfigurationPlatforms) = postSolution
		{95D8B518-3F7C-4594-B1C5-859E43D6B196}.Debug|Any CPU.ActiveCfg = Debug|Any CPU
		{95D8B518-3F7C-4594-B1C5-859E43D6B196}.Debug|Any CPU.Build.0 = Debug|Any CPU
	EndGlobalSection
	GlobalSection(SolutionProperties) = preSolution
		HideSolutionNode = FALSE
	EndGlobalSection
EndGlobal
